
Microsoft Visual Studio Solution File, Format Version 12.00
# Visual Studio 15
VisualStudioVersion = 15.0.28307.421
MinimumVisualStudioVersion = 10.0.40219.1
Project("{E24C65DC-7377-472B-9ABA-BC803B73C61A}") = "EndGameChatRoom", "EndGameChatRoom\", "{1EE34746-BC3C-437D-9F95-7AC8E44139CF}"
	ProjectSection(WebsiteProperties) = preProject
		TargetFrameworkMoniker = ".NETFramework,Version%3Dv4.6.1"
		ProjectReferences = "{4ae274d5-585b-4ef3-8f4f-a9a600b36ac4}|EndGameEntityDB.dll;"
		Debug.AspNetCompiler.VirtualPath = "/localhost_52871"
		Debug.AspNetCompiler.PhysicalPath = "EndGameChatRoom\"
		Debug.AspNetCompiler.TargetPath = "PrecompiledWeb\localhost_52871\"
		Debug.AspNetCompiler.Updateable = "true"
		Debug.AspNetCompiler.ForceOverwrite = "true"
		Debug.AspNetCompiler.FixedNames = "false"
		Debug.AspNetCompiler.Debug = "True"
		Release.AspNetCompiler.VirtualPath = "/localhost_52871"
		Release.AspNetCompiler.PhysicalPath = "EndGameChatRoom\"
		Release.AspNetCompiler.TargetPath = "PrecompiledWeb\localhost_52871\"
		Release.AspNetCompiler.Updateable = "true"
		Release.AspNetCompiler.ForceOverwrite = "true"
		Release.AspNetCompiler.FixedNames = "false"
		Release.AspNetCompiler.Debug = "False"
		VWDPort = "52871"
		SlnRelativePath = "EndGameChatRoom\"
		DefaultWebSiteLanguage = "Visual C#"
	EndProjectSection
EndProject
Project("{FAE04EC0-301F-11D3-BF4B-00C04F79EFBC}") = "EndGameEntityDB", "EndGameEntityDB\EndGameEntityDB.csproj", "{4AE274D5-585B-4EF3-8F4F-A9A600B36AC4}"
EndProject
Global
	GlobalSection(SolutionConfigurationPlatforms) = preSolution
		Debug|Any CPU = Debug|Any CPU
		Release|Any CPU = Release|Any CPU
	EndGlobalSection
	GlobalSection(ProjectConfigurationPlatforms) = postSolution
		{1EE34746-BC3C-437D-9F95-7AC8E44139CF}.Debug|Any CPU.ActiveCfg = Debug|Any CPU
		{1EE34746-BC3C-437D-9F95-7AC8E44139CF}.Debug|Any CPU.Build.0 = Debug|Any CPU
		{1EE34746-BC3C-437D-9F95-7AC8E44139CF}.Release|Any CPU.ActiveCfg = Debug|Any CPU
		{1EE34746-BC3C-437D-9F95-7AC8E44139CF}.Release|Any CPU.Build.0 = Debug|Any CPU
		{4AE274D5-585B-4EF3-8F4F-A9A600B36AC4}.Debug|Any CPU.ActiveCfg = Debug|Any CPU
		{4AE274D5-585B-4EF3-8F4F-A9A600B36AC4}.Debug|Any CPU.Build.0 = Debug|Any CPU
		{4AE274D5-585B-4EF3-8F4F-A9A600B36AC4}.Release|Any CPU.ActiveCfg = Release|Any CPU
		{4AE274D5-585B-4EF3-8F4F-A9A600B36AC4}.Release|Any CPU.Build.0 = Release|Any CPU
	EndGlobalSection
	GlobalSection(SolutionProperties) = preSolution
		HideSolutionNode = FALSE
	EndGlobalSection
	GlobalSection(ExtensibilityGlobals) = postSolution
		SolutionGuid = {8DE5194F-9156-4C50-A95C-FA0E161FCC51}
	EndGlobalSection
EndGlobal
